
Microsoft Visual Studio Solution File, Format Version 12.00
# Visual Studio 2012
Project("{888888A0-9F3D-457C-B088-3A5042F75D52}") = "IncrementalUpdate", "IncrementalUpdate\IncrementalUpdate.pyproj", "{7CC0F5CA-D6D0-4D63-A0E5-B53FD4C3D902}"
EndProject
Project("{888888A0-9F3D-457C-B088-3A5042F75D52}") = "Server", "Server\Server.pyproj", "{D8916A02-0239-44F0-80F5-3C95440C3DED}"
EndProject
Global
	GlobalSection(SolutionConfigurationPlatforms) = preSolution
		Debug|Any CPU = Debug|Any CPU
		Release|Any CPU = Release|Any CPU
	EndGlobalSection
	GlobalSection(ProjectConfigurationPlatforms) = postSolution
		{7CC0F5CA-D6D0-4D63-A0E5-B53FD4C3D902}.Debug|Any CPU.ActiveCfg = Debug|Any CPU
		{7CC0F5CA-D6D0-4D63-A0E5-B53FD4C3D902}.Debug|Any CPU.Build.0 = Debug|Any CPU
		{7CC0F5CA-D6D0-4D63-A0E5-B53FD4C3D902}.Release|Any CPU.ActiveCfg = Release|Any CPU
		{7CC0F5CA-D6D0-4D63-A0E5-B53FD4C3D902}.Release|Any CPU.Build.0 = Release|Any CPU
		{D8916A02-0239-44F0-80F5-3C95440C3DED}.Debug|Any CPU.ActiveCfg = Debug|Any CPU
		{D8916A02-0239-44F0-80F5-3C95440C3DED}.Debug|Any CPU.Build.0 = Debug|Any CPU
		{D8916A02-0239-44F0-80F5-3C95440C3DED}.Release|Any CPU.ActiveCfg = Release|Any CPU
		{D8916A02-0239-44F0-80F5-3C95440C3DED}.Release|Any CPU.Build.0 = Release|Any CPU
	EndGlobalSection
	GlobalSection(SolutionProperties) = preSolution
		HideSolutionNode = FALSE
	EndGlobalSection
EndGlobal
